
Microsoft Visual Studio Solution File, Format Version 12.00
# Visual Studio 15
VisualStudioVersion = 15.0.28307.572
MinimumVisualStudioVersion = 10.0.40219.1
Project("{2150E333-8FDC-42A3-9474-1A3956D46DE8}") = "CleanArch.Application", "CleanArch.Application", "{069659CE-91FE-4C20-8990-95B2FF9322AC}"
EndProject
Project("{2150E333-8FDC-42A3-9474-1A3956D46DE8}") = "CleanArch.Domain", "CleanArch.Domain", "{65B6F70A-32E7-43AC-AA2E-92D5E05DCAF6}"
EndProject
Project("{2150E333-8FDC-42A3-9474-1A3956D46DE8}") = "CleanArch.Infra.Ioc", "CleanArch.Infra.Ioc", "{614DC3CA-9ADE-4275-BE98-9471DA0AEF38}"
EndProject
Project("{2150E333-8FDC-42A3-9474-1A3956D46DE8}") = "CleanArch.Data", "CleanArch.Data", "{C835F55C-D4C4-4DC2-9F95-3D2CD45AF208}"
EndProject
Project("{2150E333-8FDC-42A3-9474-1A3956D46DE8}") = "CleanArch.UI.Mvc", "CleanArch.UI.Mvc", "{AD33F68E-B783-40BC-9185-CDE241D1A318}"
EndProject
Project("{FAE04EC0-301F-11D3-BF4B-00C04F79EFBC}") = "CleanArch.Mvc", "CleanArch.Mvc\CleanArch.Mvc.csproj", "{FDEA6D8D-9C78-4B2D-9C3D-5E3412C68356}"
EndProject
Global
	GlobalSection(SolutionConfigurationPlatforms) = preSolution
		Debug|Any CPU = Debug|Any CPU
		Release|Any CPU = Release|Any CPU
	EndGlobalSection
	GlobalSection(ProjectConfigurationPlatforms) = postSolution
		{FDEA6D8D-9C78-4B2D-9C3D-5E3412C68356}.Debug|Any CPU.ActiveCfg = Debug|Any CPU
		{FDEA6D8D-9C78-4B2D-9C3D-5E3412C68356}.Debug|Any CPU.Build.0 = Debug|Any CPU
		{FDEA6D8D-9C78-4B2D-9C3D-5E3412C68356}.Release|Any CPU.ActiveCfg = Release|Any CPU
		{FDEA6D8D-9C78-4B2D-9C3D-5E3412C68356}.Release|Any CPU.Build.0 = Release|Any CPU
	EndGlobalSection
	GlobalSection(SolutionProperties) = preSolution
		HideSolutionNode = FALSE
	EndGlobalSection
	GlobalSection(NestedProjects) = preSolution
		{FDEA6D8D-9C78-4B2D-9C3D-5E3412C68356} = {AD33F68E-B783-40BC-9185-CDE241D1A318}
	EndGlobalSection
	GlobalSection(ExtensibilityGlobals) = postSolution
		SolutionGuid = {5F289B4E-7329-42B5-B9BE-C56A99C3F05D}
	EndGlobalSection
EndGlobal
